// !$*UTF8*$!
{
	archiveVersion = 1;
	classes = {
	};
	objectVersion = 46;
	objects = {

/* Begin PBXBuildFile section */
		AA1159061C1B102C00FA2CBD /* main.m in Sources */ = {isa = PBXBuildFile; fileRef = AA1159051C1B102C00FA2CBD /* main.m */; };
		AA1159091C1B102C00FA2CBD /* AppDelegate.m in Sources */ = {isa = PBXBuildFile; fileRef = AA1159081C1B102C00FA2CBD /* AppDelegate.m */; };
		AA11590C1C1B102C00FA2CBD /* PrimesViewController.m in Sources */ = {isa = PBXBuildFile; fileRef = AA11590B1C1B102C00FA2CBD /* PrimesViewController.m */; };
		AA11590F1C1B102C00FA2CBD /* Main.storyboard in Resources */ = {isa = PBXBuildFile; fileRef = AA11590D1C1B102C00FA2CBD /* Main.storyboard */; };
		AA1159111C1B102C00FA2CBD /* Assets.xcassets in Resources */ = {isa = PBXBuildFile; fileRef = AA1159101C1B102C00FA2CBD /* Assets.xcassets */; };
		AA1159141C1B102C00FA2CBD /* LaunchScreen.storyboard in Resources */ = {isa = PBXBuildFile; fileRef = AA1159121C1B102C00FA2CBD /* LaunchScreen.storyboard */; };
		AA11591D1C1B10CA00FA2CBD /* SimplesWorker.m in Sources */ = {isa = PBXBuildFile; fileRef = AA11591C1C1B10CA00FA2CBD /* SimplesWorker.m */; };
/* End PBXBuildFile section */

/* Begin PBXFileReference section */
		AA1159011C1B102C00FA2CBD /* Lesson15.app */ = {isa = PBXFileReference; explicitFileType = wrapper.application; includeInIndex = 0; path = Lesson15.app; sourceTree = BUILT_PRODUCTS_DIR; };
		AA1159051C1B102C00FA2CBD /* main.m */ = {isa = PBXFileReference; lastKnownFileType = sourcecode.c.objc; path = main.m; sourceTree = "<group>"; };
		AA1159071C1B102C00FA2CBD /* AppDelegate.h */ = {isa = PBXFileReference; lastKnownFileType = sourcecode.c.h; path = AppDelegate.h; sourceTree = "<group>"; };
		AA1159081C1B102C00FA2CBD /* AppDelegate.m */ = {isa = PBXFileReference; lastKnownFileType = sourcecode.c.objc; path = AppDelegate.m; sourceTree = "<group>"; };
		AA11590A1C1B102C00FA2CBD /* PrimesViewController.h */ = {isa = PBXFileReference; lastKnownFileType = sourcecode.c.h; path = PrimesViewController.h; sourceTree = "<group>"; };
		AA11590B1C1B102C00FA2CBD /* PrimesViewController.m */ = {isa = PBXFileReference; lastKnownFileType = sourcecode.c.objc; path = PrimesViewController.m; sourceTree = "<group>"; };
		AA11590E1C1B102C00FA2CBD /* Base */ = {isa = PBXFileReference; lastKnownFileType = file.storyboard; name = Base; path = Base.lproj/Main.storyboard; sourceTree = "<group>"; };
		AA1159101C1B102C00FA2CBD /* Assets.xcassets */ = {isa = PBXFileReference; lastKnownFileType = folder.assetcatalog; path = Assets.xcassets; sourceTree = "<group>"; };
		AA1159131C1B102C00FA2CBD /* Base */ = {isa = PBXFileReference; lastKnownFileType = file.storyboard; name = Base; path = Base.lproj/LaunchScreen.storyboard; sourceTree = "<group>"; };
		AA1159151C1B102C00FA2CBD /* Info.plist */ = {isa = PBXFileReference; lastKnownFileType = text.plist.xml; path = Info.plist; sourceTree = "<group>"; };
		AA11591B1C1B10CA00FA2CBD /* SimplesWorker.h */ = {isa = PBXFileReference; fileEncoding = 4; lastKnownFileType = sourcecode.c.h; path = SimplesWorker.h; sourceTree = "<group>"; };
		AA11591C1C1B10CA00FA2CBD /* SimplesWorker.m */ = {isa = PBXFileReference; fileEncoding = 4; lastKnownFileType = sourcecode.c.objc; path = SimplesWorker.m; sourceTree = "<group>"; };
/* End PBXFileReference section */

/* Begin PBXFrameworksBuildPhase section */
		AA1158FE1C1B102C00FA2CBD /* Frameworks */ = {
			isa = PBXFrameworksBuildPhase;
			buildActionMask = 2147483647;
			files = (
			);
			runOnlyForDeploymentPostprocessing = 0;
		};
/* End PBXFrameworksBuildPhase section */

/* Begin PBXGroup section */
		AA1158F81C1B102C00FA2CBD = {
			isa = PBXGroup;
			children = (
				AA1159031C1B102C00FA2CBD /* Lesson15 */,
				AA1159021C1B102C00FA2CBD /* Products */,
			);
			sourceTree = "<group>";
		};
		AA1159021C1B102C00FA2CBD /* Products */ = {
			isa = PBXGroup;
			children = (
				AA1159011C1B102C00FA2CBD /* Lesson15.app */,
			);
			name = Products;
			sourceTree = "<group>";
		};
		AA1159031C1B102C00FA2CBD /* Lesson15 */ = {
			isa = PBXGroup;
			children = (
				AA1159071C1B102C00FA2CBD /* AppDelegate.h */,
				AA1159081C1B102C00FA2CBD /* AppDelegate.m */,
				AA11590A1C1B102C00FA2CBD /* PrimesViewController.h */,
				AA11590B1C1B102C00FA2CBD /* PrimesViewController.m */,
				AA11590D1C1B102C00FA2CBD /* Main.storyboard */,
				AA1159101C1B102C00FA2CBD /* Assets.xcassets */,
				AA1159121C1B102C00FA2CBD /* LaunchScreen.storyboard */,
				AA1159151C1B102C00FA2CBD /* Info.plist */,
				AA1159041C1B102C00FA2CBD /* Supporting Files */,
				AA11591B1C1B10CA00FA2CBD /* SimplesWorker.h */,
				AA11591C1C1B10CA00FA2CBD /* SimplesWorker.m */,
			);
			path = Lesson15;
			sourceTree = "<group>";
		};
		AA1159041C1B102C00FA2CBD /* Supporting Files */ = {
			isa = PBXGroup;
			children = (
				AA1159051C1B102C00FA2CBD /* main.m */,
			);
			name = "Supporting Files";
			sourceTree = "<group>";
		};
/* End PBXGroup section */

/* Begin PBXNativeTarget section */
		AA1159001C1B102C00FA2CBD /* Lesson15 */ = {
			isa = PBXNativeTarget;
			buildConfigurationList = AA1159181C1B102C00FA2CBD /* Build configuration list for PBXNativeTarget "Lesson15" */;
			buildPhases = (
				AA1158FD1C1B102C00FA2CBD /* Sources */,
				AA1158FE1C1B102C00FA2CBD /* Frameworks */,
				AA1158FF1C1B102C00FA2CBD /* Resources */,
			);
			buildRules = (
			);
			dependencies = (
			);
			name = Lesson15;
			productName = Lesson15;
			productReference = AA1159011C1B102C00FA2CBD /* Lesson15.app */;
			productType = "com.apple.product-type.application";
		};
/* End PBXNativeTarget section */

/* Begin PBXProject section */
		AA1158F91C1B102C00FA2CBD /* Project object */ = {
			isa = PBXProject;
			attributes = {
				LastUpgradeCheck = 0710;
				ORGANIZATIONNAME = "Azat Almeev";
				TargetAttributes = {
					AA1159001C1B102C00FA2CBD = {
						CreatedOnToolsVersion = 7.1.1;
					};
				};
			};
			buildConfigurationList = AA1158FC1C1B102C00FA2CBD /* Build configuration list for PBXProject "Lesson15" */;
			compatibilityVersion = "Xcode 3.2";
			developmentRegion = English;
			hasScannedForEncodings = 0;
			knownRegions = (
				en,
				Base,
			);
			mainGroup = AA1158F81C1B102C00FA2CBD;
			productRefGroup = AA1159021C1B102C00FA2CBD /* Products */;
			projectDirPath = "";
			projectRoot = "";
			targets = (
				AA1159001C1B102C00FA2CBD /* Lesson15 */,
			);
		};
/* End PBXProject section */

/* Begin PBXResourcesBuildPhase section */
		AA1158FF1C1B102C00FA2CBD /* Resources */ = {
			isa = PBXResourcesBuildPhase;
			buildActionMask = 2147483647;
			files = (
				AA1159141C1B102C00FA2CBD /* LaunchScreen.storyboard in Resources */,
				AA1159111C1B102C00FA2CBD /* Assets.xcassets in Resources */,
				AA11590F1C1B102C00FA2CBD /* Main.storyboard in Resources */,
			);
			runOnlyForDeploymentPostprocessing = 0;
		};
/* End PBXResourcesBuildPhase section */

/* Begin PBXSourcesBuildPhase section */
		AA1158FD1C1B102C00FA2CBD /* Sources */ = {
			isa = PBXSourcesBuildPhase;
			buildActionMask = 2147483647;
			files = (
				AA11590C1C1B102C00FA2CBD /* PrimesViewController.m in Sources */,
				AA11591D1C1B10CA00FA2CBD /* SimplesWorker.m in Sources */,
				AA1159091C1B102C00FA2CBD /* AppDelegate.m in Sources */,
				AA1159061C1B102C00FA2CBD /* main.m in Sources */,
			);
			runOnlyForDeploymentPostprocessing = 0;
		};
/* End PBXSourcesBuildPhase section */

/* Begin PBXVariantGroup section */
		AA11590D1C1B102C00FA2CBD /* Main.storyboard */ = {
			isa = PBXVariantGroup;
			children = (
				AA11590E1C1B102C00FA2CBD /* Base */,
			);
			name = Main.storyboard;
			sourceTree = "<group>";
		};
		AA1159121C1B102C00FA2CBD /* LaunchScreen.storyboard */ = {
			isa = PBXVariantGroup;
			children = (
				AA1159131C1B102C00FA2CBD /* Base */,
			);
			name = LaunchScreen.storyboard;
			sourceTree = "<group>";
		};
/* End PBXVariantGroup section */

/* Begin XCBuildConfiguration section */
		AA1159161C1B102C00FA2CBD /* Debug */ = {
			isa = XCBuildConfiguration;
			buildSettings = {
				ALWAYS_SEARCH_USER_PATHS = NO;
				CLANG_CXX_LANGUAGE_STANDARD = "gnu++0x";
				CLANG_CXX_LIBRARY = "libc++";
				CLANG_ENABLE_MODULES = YES;
				CLANG_ENABLE_OBJC_ARC = YES;
				CLANG_WARN_BOOL_CONVERSION = YES;
				CLANG_WARN_CONSTANT_CONVERSION = YES;
				CLANG_WARN_DIRECT_OBJC_ISA_USAGE = YES_ERROR;
				CLANG_WARN_EMPTY_BODY = YES;
				CLANG_WARN_ENUM_CONVERSION = YES;
				CLANG_WARN_INT_CONVERSION = YES;
				CLANG_WARN_OBJC_ROOT_CLASS = YES_ERROR;
				CLANG_WARN_UNREACHABLE_CODE = YES;
				CLANG_WARN__DUPLICATE_METHOD_MATCH = YES;
				"CODE_SIGN_IDENTITY[sdk=iphoneos*]" = "iPhone Developer";
				COPY_PHASE_STRIP = NO;
				DEBUG_INFORMATION_FORMAT = dwarf;
				ENABLE_STRICT_OBJC_MSGSEND = YES;
				ENABLE_TESTABILITY = YES;
				GCC_C_LANGUAGE_STANDARD = gnu99;
				GCC_DYNAMIC_NO_PIC = NO;
				GCC_NO_COMMON_BLOCKS = YES;
				GCC_OPTIMIZATION_LEVEL = 0;
				GCC_PREPROCESSOR_DEFINITIONS = (
					"DEBUG=1",
					"$(inherited)",
				);
				GCC_WARN_64_TO_32_BIT_CONVERSION = YES;
				GCC_WARN_ABOUT_RETURN_TYPE = YES_ERROR;
				GCC_WARN_UNDECLARED_SELECTOR = YES;
				GCC_WARN_UNINITIALIZED_AUTOS = YES_AGGRESSIVE;
				GCC_WARN_UNUSED_FUNCTION = YES;
				GCC_WARN_UNUSED_VARIABLE = YES;
				IPHONEOS_DEPLOYMENT_TARGET = 9.1;
				MTL_ENABLE_DEBUG_INFO = YES;
				ONLY_ACTIVE_ARCH = YES;
				SDKROOT = iphoneos;
				TARGETED_DEVICE_FAMILY = "1,2";
			};
			name = Debug;
		};
		AA1159171C1B102C00FA2CBD /* Release */ = {
			isa = XCBuildConfiguration;
			buildSettings = {
				ALWAYS_SEARCH_USER_PATHS = NO;
				CLANG_CXX_LANGUAGE_STANDARD = "gnu++0x";
				CLANG_CXX_LIBRARY = "libc++";
				CLANG_ENABLE_MODULES = YES;
				CLANG_ENABLE_OBJC_ARC = YES;
				CLANG_WARN_BOOL_CONVERSION = YES;
				CLANG_WARN_CONSTANT_CONVERSION = YES;
				CLANG_WARN_DIRECT_OBJC_ISA_USAGE = YES_ERROR;
				CLANG_WARN_EMPTY_BODY = YES;
				CLANG_WARN_ENUM_CONVERSION = YES;
				CLANG_WARN_INT_CONVERSION = YES;
				CLANG_WARN_OBJC_ROOT_CLASS = YES_ERROR;
				CLANG_WARN_UNREACHABLE_CODE = YES;
				CLANG_WARN__DUPLICATE_METHOD_MATCH = YES;
				"CODE_SIGN_IDENTITY[sdk=iphoneos*]" = "iPhone Developer";
				COPY_PHASE_STRIP = NO;
				DEBUG_INFORMATION_FORMAT = "dwarf-with-dsym";
				ENABLE_NS_ASSERTIONS = NO;
				ENABLE_STRICT_OBJC_MSGSEND = YES;
				GCC_C_LANGUAGE_STANDARD = gnu99;
				GCC_NO_COMMON_BLOCKS = YES;
				GCC_WARN_64_TO_32_BIT_CONVERSION = YES;
				GCC_WARN_ABOUT_RETURN_TYPE = YES_ERROR;
				GCC_WARN_UNDECLARED_SELECTOR = YES;
				GCC_WARN_UNINITIALIZED_AUTOS = YES_AGGRESSIVE;
				GCC_WARN_UNUSED_FUNCTION = YES;
				GCC_WARN_UNUSED_VARIABLE = YES;
				IPHONEOS_DEPLOYMENT_TARGET = 9.1;
				MTL_ENABLE_DEBUG_INFO = NO;
				SDKROOT = iphoneos;
				TARGETED_DEVICE_FAMILY = "1,2";
				VALIDATE_PRODUCT = YES;
			};
			name = Release;
		};
		AA1159191C1B102C00FA2CBD /* Debug */ = {
			isa = XCBuildConfiguration;
			buildSettings = {
				ASSETCATALOG_COMPILER_APPICON_NAME = AppIcon;
				INFOPLIST_FILE = Lesson15/Info.plist;
				LD_RUNPATH_SEARCH_PATHS = "$(inherited) @executable_path/Frameworks";
				PRODUCT_BUNDLE_IDENTIFIER = ru.azatalmeev.Lesson15;
				PRODUCT_NAME = "$(TARGET_NAME)";
			};
			name = Debug;
		};
		AA11591A1C1B102C00FA2CBD /* Release */ = {
			isa = XCBuildConfiguration;
			buildSettings = {
				ASSETCATALOG_COMPILER_APPICON_NAME = AppIcon;
				INFOPLIST_FILE = Lesson15/Info.plist;
				LD_RUNPATH_SEARCH_PATHS = "$(inherited) @executable_path/Frameworks";
				PRODUCT_BUNDLE_IDENTIFIER = ru.azatalmeev.Lesson15;
				PRODUCT_NAME = "$(TARGET_NAME)";
			};
			name = Release;
		};
/* End XCBuildConfiguration section */

/* Begin XCConfigurationList section */
		AA1158FC1C1B102C00FA2CBD /* Build configuration list for PBXProject "Lesson15" */ = {
			isa = XCConfigurationList;
			buildConfigurations = (
				AA1159161C1B102C00FA2CBD /* Debug */,
				AA1159171C1B102C00FA2CBD /* Release */,
			);
			defaultConfigurationIsVisible = 0;
			defaultConfigurationName = Release;
		};
		AA1159181C1B102C00FA2CBD /* Build configuration list for PBXNativeTarget "Lesson15" */ = {
			isa = XCConfigurationList;
			buildConfigurations = (
				AA1159191C1B102C00FA2CBD /* Debug */,
				AA11591A1C1B102C00FA2CBD /* Release */,
			);
			defaultConfigurationIsVisible = 0;
		};
/* End XCConfigurationList section */
	};
	rootObject = AA1158F91C1B102C00FA2CBD /* Project object */;
}
